
Microsoft Visual Studio Solution File, Format Version 12.00
# Visual Studio Version 17
VisualStudioVersion = 17.3.32929.385
MinimumVisualStudioVersion = 10.0.40219.1
Project("{9A19103F-16F7-4668-BE54-9A1E7A4F7556}") = "RedditNet", "RedditNet.csproj", "{8DCAE18B-750B-426B-A179-C782C38DDCCE}"
EndProject
Global
	GlobalSection(SolutionConfigurationPlatforms) = preSolution
		Debug|Any CPU = Debug|Any CPU
		Release|Any CPU = Release|Any CPU
	EndGlobalSection
	GlobalSection(ProjectConfigurationPlatforms) = postSolution
		{8DCAE18B-750B-426B-A179-C782C38DDCCE}.Debug|Any CPU.ActiveCfg = Debug|Any CPU
		{8DCAE18B-750B-426B-A179-C782C38DDCCE}.Debug|Any CPU.Build.0 = Debug|Any CPU
		{8DCAE18B-750B-426B-A179-C782C38DDCCE}.Release|Any CPU.ActiveCfg = Release|Any CPU
		{8DCAE18B-750B-426B-A179-C782C38DDCCE}.Release|Any CPU.Build.0 = Release|Any CPU
	EndGlobalSection
	GlobalSection(SolutionProperties) = preSolution
		HideSolutionNode = FALSE
	EndGlobalSection
	GlobalSection(ExtensibilityGlobals) = postSolution
		SolutionGuid = {0FF526CC-DB46-401E-B3E1-9F76C919CC80}
	EndGlobalSection
EndGlobal
